// !$*UTF8*$!
{
	archiveVersion = 1;
	classes = {
	};
	objectVersion = 56;
	objects = {

/* Begin PBXBuildFile section */
		A1000001 /* main.m in Sources */ = {isa = PBXBuildFile; fileRef = A2000001 /* main.m */; };
		A1000011 /* compiler_rt_stubs.c in Sources */ = {isa = PBXBuildFile; fileRef = A2000012 /* compiler_rt_stubs.c */; };
		A1000003 /* Assets.xcassets in Resources */ = {isa = PBXBuildFile; fileRef = A2000003 /* Assets.xcassets */; };
		A1000004 /* project.json in Resources */ = {isa = PBXBuildFile; fileRef = A2000005 /* project.json */; };
		A1000005 /* resources in Resources */ = {isa = PBXBuildFile; fileRef = A2000006 /* resources */; };
		A1000006 /* libBakeryGame.a in Frameworks */ = {isa = PBXBuildFile; fileRef = A2000007 /* libBakeryGame.a */; };
		A100000F /* libsokol_clib.a in Frameworks */ = {isa = PBXBuildFile; fileRef = A2000010 /* libsokol_clib.a */; };
		A1000007 /* Foundation.framework in Frameworks */ = {isa = PBXBuildFile; fileRef = A2000008 /* Foundation.framework */; };
		A1000008 /* UIKit.framework in Frameworks */ = {isa = PBXBuildFile; fileRef = A2000009 /* UIKit.framework */; };
		A1000009 /* Metal.framework in Frameworks */ = {isa = PBXBuildFile; fileRef = A200000A /* Metal.framework */; };
		A100000A /* MetalKit.framework in Frameworks */ = {isa = PBXBuildFile; fileRef = A200000B /* MetalKit.framework */; };
		A100000B /* AudioToolbox.framework in Frameworks */ = {isa = PBXBuildFile; fileRef = A200000C /* AudioToolbox.framework */; };
		A100000C /* AVFoundation.framework in Frameworks */ = {isa = PBXBuildFile; fileRef = A200000D /* AVFoundation.framework */; };
		A100000D /* QuartzCore.framework in Frameworks */ = {isa = PBXBuildFile; fileRef = A200000E /* QuartzCore.framework */; };
		A100000E /* CoreFoundation.framework in Frameworks */ = {isa = PBXBuildFile; fileRef = A200000F /* CoreFoundation.framework */; };
/* End PBXBuildFile section */

/* Begin PBXFileReference section */
		A4000001 /* LabelleGame.app */ = {isa = PBXFileReference; explicitFileType = wrapper.application; includeInIndex = 0; path = LabelleGame.app; sourceTree = BUILT_PRODUCTS_DIR; };
		A2000001 /* main.m */ = {isa = PBXFileReference; lastKnownFileType = sourcecode.c.objc; path = main.m; sourceTree = "<group>"; };
		A2000012 /* compiler_rt_stubs.c */ = {isa = PBXFileReference; lastKnownFileType = sourcecode.c.c; path = compiler_rt_stubs.c; sourceTree = "<group>"; };
		A2000003 /* Assets.xcassets */ = {isa = PBXFileReference; lastKnownFileType = folder.assetcatalog; path = Assets.xcassets; sourceTree = "<group>"; };
		A2000004 /* Info.plist */ = {isa = PBXFileReference; lastKnownFileType = text.plist.xml; path = Info.plist; sourceTree = "<group>"; };
		A2000005 /* project.json */ = {isa = PBXFileReference; lastKnownFileType = text; path = project.json; sourceTree = "<group>"; };
		A2000006 /* resources */ = {isa = PBXFileReference; lastKnownFileType = folder; path = resources; sourceTree = "<group>"; };
		A2000007 /* libBakeryGame.a */ = {isa = PBXFileReference; lastKnownFileType = archive.ar; name = libBakeryGame.a; path = "../ios/zig-out/lib/libBakeryGame.a"; sourceTree = "<group>"; };
		A2000010 /* libsokol_clib.a */ = {isa = PBXFileReference; lastKnownFileType = archive.ar; name = libsokol_clib.a; path = "../ios/zig-out/lib/libsokol_clib.a"; sourceTree = "<group>"; };
		A2000008 /* Foundation.framework */ = {isa = PBXFileReference; lastKnownFileType = wrapper.framework; name = Foundation.framework; path = System/Library/Frameworks/Foundation.framework; sourceTree = SDKROOT; };
		A2000009 /* UIKit.framework */ = {isa = PBXFileReference; lastKnownFileType = wrapper.framework; name = UIKit.framework; path = System/Library/Frameworks/UIKit.framework; sourceTree = SDKROOT; };
		A200000A /* Metal.framework */ = {isa = PBXFileReference; lastKnownFileType = wrapper.framework; name = Metal.framework; path = System/Library/Frameworks/Metal.framework; sourceTree = SDKROOT; };
		A200000B /* MetalKit.framework */ = {isa = PBXFileReference; lastKnownFileType = wrapper.framework; name = MetalKit.framework; path = System/Library/Frameworks/MetalKit.framework; sourceTree = SDKROOT; };
		A200000C /* AudioToolbox.framework */ = {isa = PBXFileReference; lastKnownFileType = wrapper.framework; name = AudioToolbox.framework; path = System/Library/Frameworks/AudioToolbox.framework; sourceTree = SDKROOT; };
		A200000D /* AVFoundation.framework */ = {isa = PBXFileReference; lastKnownFileType = wrapper.framework; name = AVFoundation.framework; path = System/Library/Frameworks/AVFoundation.framework; sourceTree = SDKROOT; };
		A200000E /* QuartzCore.framework */ = {isa = PBXFileReference; lastKnownFileType = wrapper.framework; name = QuartzCore.framework; path = System/Library/Frameworks/QuartzCore.framework; sourceTree = SDKROOT; };
		A200000F /* CoreFoundation.framework */ = {isa = PBXFileReference; lastKnownFileType = wrapper.framework; name = CoreFoundation.framework; path = System/Library/Frameworks/CoreFoundation.framework; sourceTree = SDKROOT; };
/* End PBXFileReference section */

/* Begin PBXFrameworksBuildPhase section */
		A3000001 /* Frameworks */ = {
			isa = PBXFrameworksBuildPhase;
			buildActionMask = 2147483647;
			files = (
				A1000006 /* libBakeryGame.a in Frameworks */,
				A100000F /* libsokol_clib.a in Frameworks */,
				A1000007 /* Foundation.framework in Frameworks */,
				A1000008 /* UIKit.framework in Frameworks */,
				A1000009 /* Metal.framework in Frameworks */,
				A100000A /* MetalKit.framework in Frameworks */,
				A100000B /* AudioToolbox.framework in Frameworks */,
				A100000C /* AVFoundation.framework in Frameworks */,
				A100000D /* QuartzCore.framework in Frameworks */,
				A100000E /* CoreFoundation.framework in Frameworks */,
			);
			runOnlyForDeploymentPostprocessing = 0;
		};
/* End PBXFrameworksBuildPhase section */

/* Begin PBXGroup section */
		A5000001 = {
			isa = PBXGroup;
			children = (
				A5000002 /* LabelleGame */,
				A5000004 /* Frameworks */,
				A5000003 /* Products */,
			);
			sourceTree = "<group>";
		};
		A5000002 /* LabelleGame */ = {
			isa = PBXGroup;
			children = (
				A2000001 /* main.m */,
				A2000012 /* compiler_rt_stubs.c */,
				A2000003 /* Assets.xcassets */,
				A2000004 /* Info.plist */,
				A2000005 /* project.json */,
				A2000006 /* resources */,
			);
			path = LabelleGame;
			sourceTree = "<group>";
		};
		A5000003 /* Products */ = {
			isa = PBXGroup;
			children = (
				A4000001 /* LabelleGame.app */,
			);
			name = Products;
			sourceTree = "<group>";
		};
		A5000004 /* Frameworks */ = {
			isa = PBXGroup;
			children = (
				A2000007 /* libBakeryGame.a */,
				A2000010 /* libsokol_clib.a */,
				A2000008 /* Foundation.framework */,
				A2000009 /* UIKit.framework */,
				A200000A /* Metal.framework */,
				A200000B /* MetalKit.framework */,
				A200000C /* AudioToolbox.framework */,
				A200000D /* AVFoundation.framework */,
				A200000E /* QuartzCore.framework */,
				A200000F /* CoreFoundation.framework */,
			);
			name = Frameworks;
			sourceTree = "<group>";
		};
/* End PBXGroup section */

/* Begin PBXNativeTarget section */
		A6000001 /* LabelleGame */ = {
			isa = PBXNativeTarget;
			buildConfigurationList = A7000003;
			buildPhases = (
				A3000002 /* Sources */,
				A3000001 /* Frameworks */,
				A3000003 /* Resources */,
			);
			buildRules = (
			);
			dependencies = (
			);
			name = LabelleGame;
			productName = LabelleGame;
			productReference = A4000001 /* LabelleGame.app */;
			productType = "com.apple.product-type.application";
		};
/* End PBXNativeTarget section */

/* Begin PBXProject section */
		A8000001 /* Project object */ = {
			isa = PBXProject;
			attributes = {
				BuildIndependentTargetsInParallel = 1;
				LastUpgradeCheck = 1500;
			};
			buildConfigurationList = A7000001;
			compatibilityVersion = "Xcode 14.0";
			developmentRegion = en;
			hasScannedForEncodings = 0;
			knownRegions = (
				en,
				Base,
			);
			mainGroup = A5000001;
			productRefGroup = A5000003 /* Products */;
			projectDirPath = "";
			projectRoot = "";
			targets = (
				A6000001 /* LabelleGame */,
			);
		};
/* End PBXProject section */

/* Begin PBXResourcesBuildPhase section */
		A3000003 /* Resources */ = {
			isa = PBXResourcesBuildPhase;
			buildActionMask = 2147483647;
			files = (
				A1000003 /* Assets.xcassets in Resources */,
			);
			runOnlyForDeploymentPostprocessing = 0;
		};
/* End PBXResourcesBuildPhase section */

/* Begin PBXSourcesBuildPhase section */
		A3000002 /* Sources */ = {
			isa = PBXSourcesBuildPhase;
			buildActionMask = 2147483647;
			files = (
				A1000001 /* main.m in Sources */,
				A1000011 /* compiler_rt_stubs.c in Sources */,
			);
			runOnlyForDeploymentPostprocessing = 0;
		};
/* End PBXSourcesBuildPhase section */

/* Begin XCBuildConfiguration section */
		A7000002 /* Debug */ = {
			isa = XCBuildConfiguration;
			buildSettings = {
				ALWAYS_SEARCH_USER_PATHS = NO;
				CLANG_ENABLE_MODULES = YES;
				CLANG_ENABLE_OBJC_ARC = YES;
				GCC_C_LANGUAGE_STANDARD = gnu17;
				IPHONEOS_DEPLOYMENT_TARGET = 15.0;
				MTL_ENABLE_DEBUG_INFO = INCLUDE_SOURCE;
				MTL_FAST_MATH = YES;
				ONLY_ACTIVE_ARCH = YES;
				SDKROOT = iphoneos;
			};
			name = Debug;
		};
		A7000006 /* Release */ = {
			isa = XCBuildConfiguration;
			buildSettings = {
				ALWAYS_SEARCH_USER_PATHS = NO;
				CLANG_ENABLE_MODULES = YES;
				CLANG_ENABLE_OBJC_ARC = YES;
				GCC_C_LANGUAGE_STANDARD = gnu17;
				IPHONEOS_DEPLOYMENT_TARGET = 15.0;
				MTL_ENABLE_DEBUG_INFO = NO;
				MTL_FAST_MATH = YES;
				SDKROOT = iphoneos;
				VALIDATE_PRODUCT = YES;
			};
			name = Release;
		};
		A7000004 /* Debug */ = {
			isa = XCBuildConfiguration;
			buildSettings = {
				ASSETCATALOG_COMPILER_APPICON_NAME = AppIcon;
				CODE_SIGN_STYLE = Automatic;
				CURRENT_PROJECT_VERSION = 1;
				GENERATE_INFOPLIST_FILE = YES;
				INFOPLIST_KEY_CFBundleDisplayName = LabelleGame;
				INFOPLIST_KEY_LSRequiresIPhoneOS = YES;
				INFOPLIST_KEY_MinimumOSVersion = 15.0;
				INFOPLIST_KEY_UIApplicationSupportsIndirectInputEvents = YES;
				INFOPLIST_KEY_UIRequiredDeviceCapabilities = metal;
				INFOPLIST_KEY_UIRequiresFullScreen = YES;
				INFOPLIST_KEY_UIStatusBarHidden = YES;
				INFOPLIST_KEY_UISupportedInterfaceOrientations = "UIInterfaceOrientationPortrait UIInterfaceOrientationLandscapeLeft UIInterfaceOrientationLandscapeRight";
				LD_RUNPATH_SEARCH_PATHS = (
					"$(inherited)",
					"@executable_path/Frameworks",
				);
				LIBRARY_SEARCH_PATHS = "$(PROJECT_DIR)/../ios/zig-out/lib";
				MARKETING_VERSION = 1.0;
				OTHER_LDFLAGS = "-lc++";
				PRODUCT_BUNDLE_IDENTIFIER = "com.labelle.game";
				PRODUCT_NAME = "$(TARGET_NAME)";
				TARGETED_DEVICE_FAMILY = "1,2";
			};
			name = Debug;
		};
		A7000005 /* Release */ = {
			isa = XCBuildConfiguration;
			buildSettings = {
				ASSETCATALOG_COMPILER_APPICON_NAME = AppIcon;
				CODE_SIGN_STYLE = Automatic;
								CURRENT_PROJECT_VERSION = 1;
				GENERATE_INFOPLIST_FILE = YES;
				INFOPLIST_KEY_CFBundleDisplayName = LabelleGame;
				INFOPLIST_KEY_LSRequiresIPhoneOS = YES;
				INFOPLIST_KEY_MinimumOSVersion = 15.0;
				INFOPLIST_KEY_UIApplicationSupportsIndirectInputEvents = YES;
				INFOPLIST_KEY_UIRequiredDeviceCapabilities = metal;
				INFOPLIST_KEY_UIRequiresFullScreen = YES;
				INFOPLIST_KEY_UIStatusBarHidden = YES;
				INFOPLIST_KEY_UISupportedInterfaceOrientations = "UIInterfaceOrientationPortrait UIInterfaceOrientationLandscapeLeft UIInterfaceOrientationLandscapeRight";
				LD_RUNPATH_SEARCH_PATHS = (
					"$(inherited)",
					"@executable_path/Frameworks",
				);
				LIBRARY_SEARCH_PATHS = "$(PROJECT_DIR)/../ios/zig-out/lib";
				MARKETING_VERSION = 1.0;
				OTHER_LDFLAGS = "-lc++";
				PRODUCT_BUNDLE_IDENTIFIER = "com.labelle.game";
				PRODUCT_NAME = "$(TARGET_NAME)";
				TARGETED_DEVICE_FAMILY = "1,2";
			};
			name = Release;
		};
/* End XCBuildConfiguration section */

/* Begin XCConfigurationList section */
		A7000001 /* Build configuration list for PBXProject "LabelleGame" */ = {
			isa = XCConfigurationList;
			buildConfigurations = (
				A7000002 /* Debug */,
				A7000006 /* Release */,
			);
			defaultConfigurationIsVisible = 0;
			defaultConfigurationName = Release;
		};
		A7000003 /* Build configuration list for PBXNativeTarget "LabelleGame" */ = {
			isa = XCConfigurationList;
			buildConfigurations = (
				A7000004 /* Debug */,
				A7000005 /* Release */,
			);
			defaultConfigurationIsVisible = 0;
			defaultConfigurationName = Release;
		};
/* End XCConfigurationList section */

	};
	rootObject = A8000001 /* Project object */;
}
